// !$*UTF8*$!
{
	archiveVersion = 1;
	classes = {
	};
	objectVersion = 55;
	objects = {

/* Begin PBXBuildFile section */
		4AD71D7727320A33004EFDC5 /* AppDelegate.swift in Sources */ = {isa = PBXBuildFile; fileRef = 4AD71D7627320A33004EFDC5 /* AppDelegate.swift */; };
		4AD71D7927320A33004EFDC5 /* SceneDelegate.swift in Sources */ = {isa = PBXBuildFile; fileRef = 4AD71D7827320A33004EFDC5 /* SceneDelegate.swift */; };
		4AD71D7B27320A33004EFDC5 /* ViewController.swift in Sources */ = {isa = PBXBuildFile; fileRef = 4AD71D7A27320A33004EFDC5 /* ViewController.swift */; };
		4AD71D7E27320A33004EFDC5 /* Main.storyboard in Resources */ = {isa = PBXBuildFile; fileRef = 4AD71D7C27320A33004EFDC5 /* Main.storyboard */; };
		4AD71D8027320A35004EFDC5 /* Assets.xcassets in Resources */ = {isa = PBXBuildFile; fileRef = 4AD71D7F27320A35004EFDC5 /* Assets.xcassets */; };
		4AD71D8327320A35004EFDC5 /* LaunchScreen.storyboard in Resources */ = {isa = PBXBuildFile; fileRef = 4AD71D8127320A35004EFDC5 /* LaunchScreen.storyboard */; };
		4AD71D8E27320A35004EFDC5 /* SD_Wage_CalcTests.swift in Sources */ = {isa = PBXBuildFile; fileRef = 4AD71D8D27320A35004EFDC5 /* SD_Wage_CalcTests.swift */; };
		4AD71D9827320A35004EFDC5 /* SD_Wage_CalcUITests.swift in Sources */ = {isa = PBXBuildFile; fileRef = 4AD71D9727320A35004EFDC5 /* SD_Wage_CalcUITests.swift */; };
		4AD71D9A27320A35004EFDC5 /* SD_Wage_CalcUITestsLaunchTests.swift in Sources */ = {isa = PBXBuildFile; fileRef = 4AD71D9927320A35004EFDC5 /* SD_Wage_CalcUITestsLaunchTests.swift */; };
/* End PBXBuildFile section */

/* Begin PBXContainerItemProxy section */
		4AD71D8A27320A35004EFDC5 /* PBXContainerItemProxy */ = {
			isa = PBXContainerItemProxy;
			containerPortal = 4AD71D6B27320A33004EFDC5 /* Project object */;
			proxyType = 1;
			remoteGlobalIDString = 4AD71D7227320A33004EFDC5;
			remoteInfo = "SD Wage Calc";
		};
		4AD71D9427320A35004EFDC5 /* PBXContainerItemProxy */ = {
			isa = PBXContainerItemProxy;
			containerPortal = 4AD71D6B27320A33004EFDC5 /* Project object */;
			proxyType = 1;
			remoteGlobalIDString = 4AD71D7227320A33004EFDC5;
			remoteInfo = "SD Wage Calc";
		};
/* End PBXContainerItemProxy section */

/* Begin PBXFileReference section */
		4AD71D7327320A33004EFDC5 /* SD Wage Calc.app */ = {isa = PBXFileReference; explicitFileType = wrapper.application; includeInIndex = 0; path = "SD Wage Calc.app"; sourceTree = BUILT_PRODUCTS_DIR; };
		4AD71D7627320A33004EFDC5 /* AppDelegate.swift */ = {isa = PBXFileReference; lastKnownFileType = sourcecode.swift; path = AppDelegate.swift; sourceTree = "<group>"; };
		4AD71D7827320A33004EFDC5 /* SceneDelegate.swift */ = {isa = PBXFileReference; lastKnownFileType = sourcecode.swift; path = SceneDelegate.swift; sourceTree = "<group>"; };
		4AD71D7A27320A33004EFDC5 /* ViewController.swift */ = {isa = PBXFileReference; lastKnownFileType = sourcecode.swift; path = ViewController.swift; sourceTree = "<group>"; };
		4AD71D7D27320A33004EFDC5 /* Base */ = {isa = PBXFileReference; lastKnownFileType = file.storyboard; name = Base; path = Base.lproj/Main.storyboard; sourceTree = "<group>"; };
		4AD71D7F27320A35004EFDC5 /* Assets.xcassets */ = {isa = PBXFileReference; lastKnownFileType = folder.assetcatalog; path = Assets.xcassets; sourceTree = "<group>"; };
		4AD71D8227320A35004EFDC5 /* Base */ = {isa = PBXFileReference; lastKnownFileType = file.storyboard; name = Base; path = Base.lproj/LaunchScreen.storyboard; sourceTree = "<group>"; };
		4AD71D8427320A35004EFDC5 /* Info.plist */ = {isa = PBXFileReference; lastKnownFileType = text.plist.xml; path = Info.plist; sourceTree = "<group>"; };
		4AD71D8927320A35004EFDC5 /* SD Wage CalcTests.xctest */ = {isa = PBXFileReference; explicitFileType = wrapper.cfbundle; includeInIndex = 0; path = "SD Wage CalcTests.xctest"; sourceTree = BUILT_PRODUCTS_DIR; };
		4AD71D8D27320A35004EFDC5 /* SD_Wage_CalcTests.swift */ = {isa = PBXFileReference; lastKnownFileType = sourcecode.swift; path = SD_Wage_CalcTests.swift; sourceTree = "<group>"; };
		4AD71D9327320A35004EFDC5 /* SD Wage CalcUITests.xctest */ = {isa = PBXFileReference; explicitFileType = wrapper.cfbundle; includeInIndex = 0; path = "SD Wage CalcUITests.xctest"; sourceTree = BUILT_PRODUCTS_DIR; };
		4AD71D9727320A35004EFDC5 /* SD_Wage_CalcUITests.swift */ = {isa = PBXFileReference; lastKnownFileType = sourcecode.swift; path = SD_Wage_CalcUITests.swift; sourceTree = "<group>"; };
		4AD71D9927320A35004EFDC5 /* SD_Wage_CalcUITestsLaunchTests.swift */ = {isa = PBXFileReference; lastKnownFileType = sourcecode.swift; path = SD_Wage_CalcUITestsLaunchTests.swift; sourceTree = "<group>"; };
/* End PBXFileReference section */

/* Begin PBXFrameworksBuildPhase section */
		4AD71D7027320A33004EFDC5 /* Frameworks */ = {
			isa = PBXFrameworksBuildPhase;
			buildActionMask = 2147483647;
			files = (
			);
			runOnlyForDeploymentPostprocessing = 0;
		};
		4AD71D8627320A35004EFDC5 /* Frameworks */ = {
			isa = PBXFrameworksBuildPhase;
			buildActionMask = 2147483647;
			files = (
			);
			runOnlyForDeploymentPostprocessing = 0;
		};
		4AD71D9027320A35004EFDC5 /* Frameworks */ = {
			isa = PBXFrameworksBuildPhase;
			buildActionMask = 2147483647;
			files = (
			);
			runOnlyForDeploymentPostprocessing = 0;
		};
/* End PBXFrameworksBuildPhase section */

/* Begin PBXGroup section */
		4AD71D6A27320A33004EFDC5 = {
			isa = PBXGroup;
			children = (
				4AD71D7527320A33004EFDC5 /* SD Wage Calc */,
				4AD71D8C27320A35004EFDC5 /* SD Wage CalcTests */,
				4AD71D9627320A35004EFDC5 /* SD Wage CalcUITests */,
				4AD71D7427320A33004EFDC5 /* Products */,
			);
			sourceTree = "<group>";
		};
		4AD71D7427320A33004EFDC5 /* Products */ = {
			isa = PBXGroup;
			children = (
				4AD71D7327320A33004EFDC5 /* SD Wage Calc.app */,
				4AD71D8927320A35004EFDC5 /* SD Wage CalcTests.xctest */,
				4AD71D9327320A35004EFDC5 /* SD Wage CalcUITests.xctest */,
			);
			name = Products;
			sourceTree = "<group>";
		};
		4AD71D7527320A33004EFDC5 /* SD Wage Calc */ = {
			isa = PBXGroup;
			children = (
				4AD71D7627320A33004EFDC5 /* AppDelegate.swift */,
				4AD71D7827320A33004EFDC5 /* SceneDelegate.swift */,
				4AD71D7A27320A33004EFDC5 /* ViewController.swift */,
				4AD71D7C27320A33004EFDC5 /* Main.storyboard */,
				4AD71D7F27320A35004EFDC5 /* Assets.xcassets */,
				4AD71D8127320A35004EFDC5 /* LaunchScreen.storyboard */,
				4AD71D8427320A35004EFDC5 /* Info.plist */,
			);
			path = "SD Wage Calc";
			sourceTree = "<group>";
		};
		4AD71D8C27320A35004EFDC5 /* SD Wage CalcTests */ = {
			isa = PBXGroup;
			children = (
				4AD71D8D27320A35004EFDC5 /* SD_Wage_CalcTests.swift */,
			);
			path = "SD Wage CalcTests";
			sourceTree = "<group>";
		};
		4AD71D9627320A35004EFDC5 /* SD Wage CalcUITests */ = {
			isa = PBXGroup;
			children = (
				4AD71D9727320A35004EFDC5 /* SD_Wage_CalcUITests.swift */,
				4AD71D9927320A35004EFDC5 /* SD_Wage_CalcUITestsLaunchTests.swift */,
			);
			path = "SD Wage CalcUITests";
			sourceTree = "<group>";
		};
/* End PBXGroup section */

/* Begin PBXNativeTarget section */
		4AD71D7227320A33004EFDC5 /* SD Wage Calc */ = {
			isa = PBXNativeTarget;
			buildConfigurationList = 4AD71D9D27320A35004EFDC5 /* Build configuration list for PBXNativeTarget "SD Wage Calc" */;
			buildPhases = (
				4AD71D6F27320A33004EFDC5 /* Sources */,
				4AD71D7027320A33004EFDC5 /* Frameworks */,
				4AD71D7127320A33004EFDC5 /* Resources */,
			);
			buildRules = (
			);
			dependencies = (
			);
			name = "SD Wage Calc";
			productName = "SD Wage Calc";
			productReference = 4AD71D7327320A33004EFDC5 /* SD Wage Calc.app */;
			productType = "com.apple.product-type.application";
		};
		4AD71D8827320A35004EFDC5 /* SD Wage CalcTests */ = {
			isa = PBXNativeTarget;
			buildConfigurationList = 4AD71DA027320A35004EFDC5 /* Build configuration list for PBXNativeTarget "SD Wage CalcTests" */;
			buildPhases = (
				4AD71D8527320A35004EFDC5 /* Sources */,
				4AD71D8627320A35004EFDC5 /* Frameworks */,
				4AD71D8727320A35004EFDC5 /* Resources */,
			);
			buildRules = (
			);
			dependencies = (
				4AD71D8B27320A35004EFDC5 /* PBXTargetDependency */,
			);
			name = "SD Wage CalcTests";
			productName = "SD Wage CalcTests";
			productReference = 4AD71D8927320A35004EFDC5 /* SD Wage CalcTests.xctest */;
			productType = "com.apple.product-type.bundle.unit-test";
		};
		4AD71D9227320A35004EFDC5 /* SD Wage CalcUITests */ = {
			isa = PBXNativeTarget;
			buildConfigurationList = 4AD71DA327320A35004EFDC5 /* Build configuration list for PBXNativeTarget "SD Wage CalcUITests" */;
			buildPhases = (
				4AD71D8F27320A35004EFDC5 /* Sources */,
				4AD71D9027320A35004EFDC5 /* Frameworks */,
				4AD71D9127320A35004EFDC5 /* Resources */,
			);
			buildRules = (
			);
			dependencies = (
				4AD71D9527320A35004EFDC5 /* PBXTargetDependency */,
			);
			name = "SD Wage CalcUITests";
			productName = "SD Wage CalcUITests";
			productReference = 4AD71D9327320A35004EFDC5 /* SD Wage CalcUITests.xctest */;
			productType = "com.apple.product-type.bundle.ui-testing";
		};
/* End PBXNativeTarget section */

/* Begin PBXProject section */
		4AD71D6B27320A33004EFDC5 /* Project object */ = {
			isa = PBXProject;
			attributes = {
				BuildIndependentTargetsInParallel = 1;
				LastSwiftUpdateCheck = 1310;
				LastUpgradeCheck = 1310;
				TargetAttributes = {
					4AD71D7227320A33004EFDC5 = {
						CreatedOnToolsVersion = 13.1;
					};
					4AD71D8827320A35004EFDC5 = {
						CreatedOnToolsVersion = 13.1;
						TestTargetID = 4AD71D7227320A33004EFDC5;
					};
					4AD71D9227320A35004EFDC5 = {
						CreatedOnToolsVersion = 13.1;
						TestTargetID = 4AD71D7227320A33004EFDC5;
					};
				};
			};
			buildConfigurationList = 4AD71D6E27320A33004EFDC5 /* Build configuration list for PBXProject "SD Wage Calc" */;
			compatibilityVersion = "Xcode 13.0";
			developmentRegion = en;
			hasScannedForEncodings = 0;
			knownRegions = (
				en,
				Base,
			);
			mainGroup = 4AD71D6A27320A33004EFDC5;
			productRefGroup = 4AD71D7427320A33004EFDC5 /* Products */;
			projectDirPath = "";
			projectRoot = "";
			targets = (
				4AD71D7227320A33004EFDC5 /* SD Wage Calc */,
				4AD71D8827320A35004EFDC5 /* SD Wage CalcTests */,
				4AD71D9227320A35004EFDC5 /* SD Wage CalcUITests */,
			);
		};
/* End PBXProject section */

/* Begin PBXResourcesBuildPhase section */
		4AD71D7127320A33004EFDC5 /* Resources */ = {
			isa = PBXResourcesBuildPhase;
			buildActionMask = 2147483647;
			files = (
				4AD71D8327320A35004EFDC5 /* LaunchScreen.storyboard in Resources */,
				4AD71D8027320A35004EFDC5 /* Assets.xcassets in Resources */,
				4AD71D7E27320A33004EFDC5 /* Main.storyboard in Resources */,
			);
			runOnlyForDeploymentPostprocessing = 0;
		};
		4AD71D8727320A35004EFDC5 /* Resources */ = {
			isa = PBXResourcesBuildPhase;
			buildActionMask = 2147483647;
			files = (
			);
			runOnlyForDeploymentPostprocessing = 0;
		};
		4AD71D9127320A35004EFDC5 /* Resources */ = {
			isa = PBXResourcesBuildPhase;
			buildActionMask = 2147483647;
			files = (
			);
			runOnlyForDeploymentPostprocessing = 0;
		};
/* End PBXResourcesBuildPhase section */

/* Begin PBXSourcesBuildPhase section */
		4AD71D6F27320A33004EFDC5 /* Sources */ = {
			isa = PBXSourcesBuildPhase;
			buildActionMask = 2147483647;
			files = (
				4AD71D7B27320A33004EFDC5 /* ViewController.swift in Sources */,
				4AD71D7727320A33004EFDC5 /* AppDelegate.swift in Sources */,
				4AD71D7927320A33004EFDC5 /* SceneDelegate.swift in Sources */,
			);
			runOnlyForDeploymentPostprocessing = 0;
		};
		4AD71D8527320A35004EFDC5 /* Sources */ = {
			isa = PBXSourcesBuildPhase;
			buildActionMask = 2147483647;
			files = (
				4AD71D8E27320A35004EFDC5 /* SD_Wage_CalcTests.swift in Sources */,
			);
			runOnlyForDeploymentPostprocessing = 0;
		};
		4AD71D8F27320A35004EFDC5 /* Sources */ = {
			isa = PBXSourcesBuildPhase;
			buildActionMask = 2147483647;
			files = (
				4AD71D9A27320A35004EFDC5 /* SD_Wage_CalcUITestsLaunchTests.swift in Sources */,
				4AD71D9827320A35004EFDC5 /* SD_Wage_CalcUITests.swift in Sources */,
			);
			runOnlyForDeploymentPostprocessing = 0;
		};
/* End PBXSourcesBuildPhase section */

/* Begin PBXTargetDependency section */
		4AD71D8B27320A35004EFDC5 /* PBXTargetDependency */ = {
			isa = PBXTargetDependency;
			target = 4AD71D7227320A33004EFDC5 /* SD Wage Calc */;
			targetProxy = 4AD71D8A27320A35004EFDC5 /* PBXContainerItemProxy */;
		};
		4AD71D9527320A35004EFDC5 /* PBXTargetDependency */ = {
			isa = PBXTargetDependency;
			target = 4AD71D7227320A33004EFDC5 /* SD Wage Calc */;
			targetProxy = 4AD71D9427320A35004EFDC5 /* PBXContainerItemProxy */;
		};
/* End PBXTargetDependency section */

/* Begin PBXVariantGroup section */
		4AD71D7C27320A33004EFDC5 /* Main.storyboard */ = {
			isa = PBXVariantGroup;
			children = (
				4AD71D7D27320A33004EFDC5 /* Base */,
			);
			name = Main.storyboard;
			sourceTree = "<group>";
		};
		4AD71D8127320A35004EFDC5 /* LaunchScreen.storyboard */ = {
			isa = PBXVariantGroup;
			children = (
				4AD71D8227320A35004EFDC5 /* Base */,
			);
			name = LaunchScreen.storyboard;
			sourceTree = "<group>";
		};
/* End PBXVariantGroup section */

/* Begin XCBuildConfiguration section */
		4AD71D9B27320A35004EFDC5 /* Debug */ = {
			isa = XCBuildConfiguration;
			buildSettings = {
				ALWAYS_SEARCH_USER_PATHS = NO;
				CLANG_ANALYZER_NONNULL = YES;
				CLANG_ANALYZER_NUMBER_OBJECT_CONVERSION = YES_AGGRESSIVE;
				CLANG_CXX_LANGUAGE_STANDARD = "gnu++17";
				CLANG_CXX_LIBRARY = "libc++";
				CLANG_ENABLE_MODULES = YES;
				CLANG_ENABLE_OBJC_ARC = YES;
				CLANG_ENABLE_OBJC_WEAK = YES;
				CLANG_WARN_BLOCK_CAPTURE_AUTORELEASING = YES;
				CLANG_WARN_BOOL_CONVERSION = YES;
				CLANG_WARN_COMMA = YES;
				CLANG_WARN_CONSTANT_CONVERSION = YES;
				CLANG_WARN_DEPRECATED_OBJC_IMPLEMENTATIONS = YES;
				CLANG_WARN_DIRECT_OBJC_ISA_USAGE = YES_ERROR;
				CLANG_WARN_DOCUMENTATION_COMMENTS = YES;
				CLANG_WARN_EMPTY_BODY = YES;
				CLANG_WARN_ENUM_CONVERSION = YES;
				CLANG_WARN_INFINITE_RECURSION = YES;
				CLANG_WARN_INT_CONVERSION = YES;
				CLANG_WARN_NON_LITERAL_NULL_CONVERSION = YES;
				CLANG_WARN_OBJC_IMPLICIT_RETAIN_SELF = YES;
				CLANG_WARN_OBJC_LITERAL_CONVERSION = YES;
				CLANG_WARN_OBJC_ROOT_CLASS = YES_ERROR;
				CLANG_WARN_QUOTED_INCLUDE_IN_FRAMEWORK_HEADER = YES;
				CLANG_WARN_RANGE_LOOP_ANALYSIS = YES;
				CLANG_WARN_STRICT_PROTOTYPES = YES;
				CLANG_WARN_SUSPICIOUS_MOVE = YES;
				CLANG_WARN_UNGUARDED_AVAILABILITY = YES_AGGRESSIVE;
				CLANG_WARN_UNREACHABLE_CODE = YES;
				CLANG_WARN__DUPLICATE_METHOD_MATCH = YES;
				COPY_PHASE_STRIP = NO;
				DEBUG_INFORMATION_FORMAT = dwarf;
				ENABLE_STRICT_OBJC_MSGSEND = YES;
				ENABLE_TESTABILITY = YES;
				GCC_C_LANGUAGE_STANDARD = gnu11;
				GCC_DYNAMIC_NO_PIC = NO;
				GCC_NO_COMMON_BLOCKS = YES;
				GCC_OPTIMIZATION_LEVEL = 0;
				GCC_PREPROCESSOR_DEFINITIONS = (
					"DEBUG=1",
					"$(inherited)",
				);
				GCC_WARN_64_TO_32_BIT_CONVERSION = YES;
				GCC_WARN_ABOUT_RETURN_TYPE = YES_ERROR;
				GCC_WARN_UNDECLARED_SELECTOR = YES;
				GCC_WARN_UNINITIALIZED_AUTOS = YES_AGGRESSIVE;
				GCC_WARN_UNUSED_FUNCTION = YES;
				GCC_WARN_UNUSED_VARIABLE = YES;
				IPHONEOS_DEPLOYMENT_TARGET = 15.0;
				MTL_ENABLE_DEBUG_INFO = INCLUDE_SOURCE;
				MTL_FAST_MATH = YES;
				ONLY_ACTIVE_ARCH = YES;
				SDKROOT = iphoneos;
				SWIFT_ACTIVE_COMPILATION_CONDITIONS = DEBUG;
				SWIFT_OPTIMIZATION_LEVEL = "-Onone";
			};
			name = Debug;
		};
		4AD71D9C27320A35004EFDC5 /* Release */ = {
			isa = XCBuildConfiguration;
			buildSettings = {
				ALWAYS_SEARCH_USER_PATHS = NO;
				CLANG_ANALYZER_NONNULL = YES;
				CLANG_ANALYZER_NUMBER_OBJECT_CONVERSION = YES_AGGRESSIVE;
				CLANG_CXX_LANGUAGE_STANDARD = "gnu++17";
				CLANG_CXX_LIBRARY = "libc++";
				CLANG_ENABLE_MODULES = YES;
				CLANG_ENABLE_OBJC_ARC = YES;
				CLANG_ENABLE_OBJC_WEAK = YES;
				CLANG_WARN_BLOCK_CAPTURE_AUTORELEASING = YES;
				CLANG_WARN_BOOL_CONVERSION = YES;
				CLANG_WARN_COMMA = YES;
				CLANG_WARN_CONSTANT_CONVERSION = YES;
				CLANG_WARN_DEPRECATED_OBJC_IMPLEMENTATIONS = YES;
				CLANG_WARN_DIRECT_OBJC_ISA_USAGE = YES_ERROR;
				CLANG_WARN_DOCUMENTATION_COMMENTS = YES;
				CLANG_WARN_EMPTY_BODY = YES;
				CLANG_WARN_ENUM_CONVERSION = YES;
				CLANG_WARN_INFINITE_RECURSION = YES;
				CLANG_WARN_INT_CONVERSION = YES;
				CLANG_WARN_NON_LITERAL_NULL_CONVERSION = YES;
				CLANG_WARN_OBJC_IMPLICIT_RETAIN_SELF = YES;
				CLANG_WARN_OBJC_LITERAL_CONVERSION = YES;
				CLANG_WARN_OBJC_ROOT_CLASS = YES_ERROR;
				CLANG_WARN_QUOTED_INCLUDE_IN_FRAMEWORK_HEADER = YES;
				CLANG_WARN_RANGE_LOOP_ANALYSIS = YES;
				CLANG_WARN_STRICT_PROTOTYPES = YES;
				CLANG_WARN_SUSPICIOUS_MOVE = YES;
				CLANG_WARN_UNGUARDED_AVAILABILITY = YES_AGGRESSIVE;
				CLANG_WARN_UNREACHABLE_CODE = YES;
				CLANG_WARN__DUPLICATE_METHOD_MATCH = YES;
				COPY_PHASE_STRIP = NO;
				DEBUG_INFORMATION_FORMAT = "dwarf-with-dsym";
				ENABLE_NS_ASSERTIONS = NO;
				ENABLE_STRICT_OBJC_MSGSEND = YES;
				GCC_C_LANGUAGE_STANDARD = gnu11;
				GCC_NO_COMMON_BLOCKS = YES;
				GCC_WARN_64_TO_32_BIT_CONVERSION = YES;
				GCC_WARN_ABOUT_RETURN_TYPE = YES_ERROR;
				GCC_WARN_UNDECLARED_SELECTOR = YES;
				GCC_WARN_UNINITIALIZED_AUTOS = YES_AGGRESSIVE;
				GCC_WARN_UNUSED_FUNCTION = YES;
				GCC_WARN_UNUSED_VARIABLE = YES;
				IPHONEOS_DEPLOYMENT_TARGET = 15.0;
				MTL_ENABLE_DEBUG_INFO = NO;
				MTL_FAST_MATH = YES;
				SDKROOT = iphoneos;
				SWIFT_COMPILATION_MODE = wholemodule;
				SWIFT_OPTIMIZATION_LEVEL = "-O";
				VALIDATE_PRODUCT = YES;
			};
			name = Release;
		};
		4AD71D9E27320A35004EFDC5 /* Debug */ = {
			isa = XCBuildConfiguration;
			buildSettings = {
				ASSETCATALOG_COMPILER_APPICON_NAME = AppIcon;
				ASSETCATALOG_COMPILER_GLOBAL_ACCENT_COLOR_NAME = AccentColor;
				CODE_SIGN_STYLE = Automatic;
				CURRENT_PROJECT_VERSION = 1;
				DEVELOPMENT_TEAM = L68R6H537Z;
				GENERATE_INFOPLIST_FILE = YES;
				INFOPLIST_FILE = "SD Wage Calc/Info.plist";
				INFOPLIST_KEY_UIApplicationSupportsIndirectInputEvents = YES;
				INFOPLIST_KEY_UILaunchStoryboardName = LaunchScreen;
				INFOPLIST_KEY_UIMainStoryboardFile = Main;
				INFOPLIST_KEY_UISupportedInterfaceOrientations_iPad = "UIInterfaceOrientationPortrait UIInterfaceOrientationPortraitUpsideDown UIInterfaceOrientationLandscapeLeft UIInterfaceOrientationLandscapeRight";
				INFOPLIST_KEY_UISupportedInterfaceOrientations_iPhone = "UIInterfaceOrientationPortrait UIInterfaceOrientationLandscapeLeft UIInterfaceOrientationLandscapeRight";
				LD_RUNPATH_SEARCH_PATHS = (
					"$(inherited)",
					"@executable_path/Frameworks",
				);
				MARKETING_VERSION = 1.0;
				PRODUCT_BUNDLE_IDENTIFIER = "com.harrysoft.SD-Wage-Calc";
				PRODUCT_NAME = "$(TARGET_NAME)";
				SWIFT_EMIT_LOC_STRINGS = YES;
				SWIFT_VERSION = 5.0;
				TARGETED_DEVICE_FAMILY = "1,2";
			};
			name = Debug;
		};
		4AD71D9F27320A35004EFDC5 /* Release */ = {
			isa = XCBuildConfiguration;
			buildSettings = {
				ASSETCATALOG_COMPILER_APPICON_NAME = AppIcon;
				ASSETCATALOG_COMPILER_GLOBAL_ACCENT_COLOR_NAME = AccentColor;
				CODE_SIGN_STYLE = Automatic;
				CURRENT_PROJECT_VERSION = 1;
				DEVELOPMENT_TEAM = L68R6H537Z;
				GENERATE_INFOPLIST_FILE = YES;
				INFOPLIST_FILE = "SD Wage Calc/Info.plist";
				INFOPLIST_KEY_UIApplicationSupportsIndirectInputEvents = YES;
				INFOPLIST_KEY_UILaunchStoryboardName = LaunchScreen;
				INFOPLIST_KEY_UIMainStoryboardFile = Main;
				INFOPLIST_KEY_UISupportedInterfaceOrientations_iPad = "UIInterfaceOrientationPortrait UIInterfaceOrientationPortraitUpsideDown UIInterfaceOrientationLandscapeLeft UIInterfaceOrientationLandscapeRight";
				INFOPLIST_KEY_UISupportedInterfaceOrientations_iPhone = "UIInterfaceOrientationPortrait UIInterfaceOrientationLandscapeLeft UIInterfaceOrientationLandscapeRight";
				LD_RUNPATH_SEARCH_PATHS = (
					"$(inherited)",
					"@executable_path/Frameworks",
				);
				MARKETING_VERSION = 1.0;
				PRODUCT_BUNDLE_IDENTIFIER = "com.harrysoft.SD-Wage-Calc";
				PRODUCT_NAME = "$(TARGET_NAME)";
				SWIFT_EMIT_LOC_STRINGS = YES;
				SWIFT_VERSION = 5.0;
				TARGETED_DEVICE_FAMILY = "1,2";
			};
			name = Release;
		};
		4AD71DA127320A35004EFDC5 /* Debug */ = {
			isa = XCBuildConfiguration;
			buildSettings = {
				ALWAYS_EMBED_SWIFT_STANDARD_LIBRARIES = YES;
				BUNDLE_LOADER = "$(TEST_HOST)";
				CODE_SIGN_STYLE = Automatic;
				CURRENT_PROJECT_VERSION = 1;
				DEVELOPMENT_TEAM = L68R6H537Z;
				GENERATE_INFOPLIST_FILE = YES;
				IPHONEOS_DEPLOYMENT_TARGET = 15.0;
				LD_RUNPATH_SEARCH_PATHS = (
					"$(inherited)",
					"@executable_path/Frameworks",
					"@loader_path/Frameworks",
				);
				MARKETING_VERSION = 1.0;
				PRODUCT_BUNDLE_IDENTIFIER = "com.harrysoft.SD-Wage-CalcTests";
				PRODUCT_NAME = "$(TARGET_NAME)";
				SWIFT_EMIT_LOC_STRINGS = NO;
				SWIFT_VERSION = 5.0;
				TARGETED_DEVICE_FAMILY = "1,2";
				TEST_HOST = "$(BUILT_PRODUCTS_DIR)/SD Wage Calc.app/SD Wage Calc";
			};
			name = Debug;
		};
		4AD71DA227320A35004EFDC5 /* Release */ = {
			isa = XCBuildConfiguration;
			buildSettings = {
				ALWAYS_EMBED_SWIFT_STANDARD_LIBRARIES = YES;
				BUNDLE_LOADER = "$(TEST_HOST)";
				CODE_SIGN_STYLE = Automatic;
				CURRENT_PROJECT_VERSION = 1;
				DEVELOPMENT_TEAM = L68R6H537Z;
				GENERATE_INFOPLIST_FILE = YES;
				IPHONEOS_DEPLOYMENT_TARGET = 15.0;
				LD_RUNPATH_SEARCH_PATHS = (
					"$(inherited)",
					"@executable_path/Frameworks",
					"@loader_path/Frameworks",
				);
				MARKETING_VERSION = 1.0;
				PRODUCT_BUNDLE_IDENTIFIER = "com.harrysoft.SD-Wage-CalcTests";
				PRODUCT_NAME = "$(TARGET_NAME)";
				SWIFT_EMIT_LOC_STRINGS = NO;
				SWIFT_VERSION = 5.0;
				TARGETED_DEVICE_FAMILY = "1,2";
				TEST_HOST = "$(BUILT_PRODUCTS_DIR)/SD Wage Calc.app/SD Wage Calc";
			};
			name = Release;
		};
		4AD71DA427320A35004EFDC5 /* Debug */ = {
			isa = XCBuildConfiguration;
			buildSettings = {
				ALWAYS_EMBED_SWIFT_STANDARD_LIBRARIES = YES;
				CODE_SIGN_STYLE = Automatic;
				CURRENT_PROJECT_VERSION = 1;
				DEVELOPMENT_TEAM = L68R6H537Z;
				GENERATE_INFOPLIST_FILE = YES;
				LD_RUNPATH_SEARCH_PATHS = (
					"$(inherited)",
					"@executable_path/Frameworks",
					"@loader_path/Frameworks",
				);
				MARKETING_VERSION = 1.0;
				PRODUCT_BUNDLE_IDENTIFIER = "com.harrysoft.SD-Wage-CalcUITests";
				PRODUCT_NAME = "$(TARGET_NAME)";
				SWIFT_EMIT_LOC_STRINGS = NO;
				SWIFT_VERSION = 5.0;
				TARGETED_DEVICE_FAMILY = "1,2";
				TEST_TARGET_NAME = "SD Wage Calc";
			};
			name = Debug;
		};
		4AD71DA527320A35004EFDC5 /* Release */ = {
			isa = XCBuildConfiguration;
			buildSettings = {
				ALWAYS_EMBED_SWIFT_STANDARD_LIBRARIES = YES;
				CODE_SIGN_STYLE = Automatic;
				CURRENT_PROJECT_VERSION = 1;
				DEVELOPMENT_TEAM = L68R6H537Z;
				GENERATE_INFOPLIST_FILE = YES;
				LD_RUNPATH_SEARCH_PATHS = (
					"$(inherited)",
					"@executable_path/Frameworks",
					"@loader_path/Frameworks",
				);
				MARKETING_VERSION = 1.0;
				PRODUCT_BUNDLE_IDENTIFIER = "com.harrysoft.SD-Wage-CalcUITests";
				PRODUCT_NAME = "$(TARGET_NAME)";
				SWIFT_EMIT_LOC_STRINGS = NO;
				SWIFT_VERSION = 5.0;
				TARGETED_DEVICE_FAMILY = "1,2";
				TEST_TARGET_NAME = "SD Wage Calc";
			};
			name = Release;
		};
/* End XCBuildConfiguration section */

/* Begin XCConfigurationList section */
		4AD71D6E27320A33004EFDC5 /* Build configuration list for PBXProject "SD Wage Calc" */ = {
			isa = XCConfigurationList;
			buildConfigurations = (
				4AD71D9B27320A35004EFDC5 /* Debug */,
				4AD71D9C27320A35004EFDC5 /* Release */,
			);
			defaultConfigurationIsVisible = 0;
			defaultConfigurationName = Release;
		};
		4AD71D9D27320A35004EFDC5 /* Build configuration list for PBXNativeTarget "SD Wage Calc" */ = {
			isa = XCConfigurationList;
			buildConfigurations = (
				4AD71D9E27320A35004EFDC5 /* Debug */,
				4AD71D9F27320A35004EFDC5 /* Release */,
			);
			defaultConfigurationIsVisible = 0;
			defaultConfigurationName = Release;
		};
		4AD71DA027320A35004EFDC5 /* Build configuration list for PBXNativeTarget "SD Wage CalcTests" */ = {
			isa = XCConfigurationList;
			buildConfigurations = (
				4AD71DA127320A35004EFDC5 /* Debug */,
				4AD71DA227320A35004EFDC5 /* Release */,
			);
			defaultConfigurationIsVisible = 0;
			defaultConfigurationName = Release;
		};
		4AD71DA327320A35004EFDC5 /* Build configuration list for PBXNativeTarget "SD Wage CalcUITests" */ = {
			isa = XCConfigurationList;
			buildConfigurations = (
				4AD71DA427320A35004EFDC5 /* Debug */,
				4AD71DA527320A35004EFDC5 /* Release */,
			);
			defaultConfigurationIsVisible = 0;
			defaultConfigurationName = Release;
		};
/* End XCConfigurationList section */
	};
	rootObject = 4AD71D6B27320A33004EFDC5 /* Project object */;
}
